// !$*UTF8*$!
{
	archiveVersion = 1;
	classes = {
	};
	objectVersion = 56;
	objects = {

/* Begin PBXBuildFile section */
		305A4C3C2BE5E03B009A2DAE /* MarbleApp.swift in Sources */ = {isa = PBXBuildFile; fileRef = 305A4C3B2BE5E03B009A2DAE /* MarbleApp.swift */; };
		305A4C3E2BE5E03B009A2DAE /* ContentView.swift in Sources */ = {isa = PBXBuildFile; fileRef = 305A4C3D2BE5E03B009A2DAE /* ContentView.swift */; };
		305A4C402BE5E03C009A2DAE /* Assets.xcassets in Resources */ = {isa = PBXBuildFile; fileRef = 305A4C3F2BE5E03C009A2DAE /* Assets.xcassets */; };
		305A4C432BE5E03C009A2DAE /* Preview Assets.xcassets in Resources */ = {isa = PBXBuildFile; fileRef = 305A4C422BE5E03C009A2DAE /* Preview Assets.xcassets */; };
		305A4C4A2BE5E0A1009A2DAE /* Entry.swift in Sources */ = {isa = PBXBuildFile; fileRef = 305A4C492BE5E0A1009A2DAE /* Entry.swift */; };
		305A4C4C2BE5E0EA009A2DAE /* EntryStore.swift in Sources */ = {isa = PBXBuildFile; fileRef = 305A4C4B2BE5E0EA009A2DAE /* EntryStore.swift */; };
		305A4C4E2BE5E0F5009A2DAE /* SpiderChartView.swift in Sources */ = {isa = PBXBuildFile; fileRef = 305A4C4D2BE5E0F5009A2DAE /* SpiderChartView.swift */; };
		305A4C502BE5E108009A2DAE /* EntryListView.swift in Sources */ = {isa = PBXBuildFile; fileRef = 305A4C4F2BE5E108009A2DAE /* EntryListView.swift */; };
		305A4C522BE5E118009A2DAE /* EntryFormView.swift in Sources */ = {isa = PBXBuildFile; fileRef = 305A4C512BE5E118009A2DAE /* EntryFormView.swift */; };
/* End PBXBuildFile section */

/* Begin PBXFileReference section */
		305A4C382BE5E03B009A2DAE /* Marble.app */ = {isa = PBXFileReference; explicitFileType = wrapper.application; includeInIndex = 0; path = Marble.app; sourceTree = BUILT_PRODUCTS_DIR; };
		305A4C3B2BE5E03B009A2DAE /* MarbleApp.swift */ = {isa = PBXFileReference; lastKnownFileType = sourcecode.swift; path = MarbleApp.swift; sourceTree = "<group>"; };
		305A4C3D2BE5E03B009A2DAE /* ContentView.swift */ = {isa = PBXFileReference; lastKnownFileType = sourcecode.swift; path = ContentView.swift; sourceTree = "<group>"; };
		305A4C3F2BE5E03C009A2DAE /* Assets.xcassets */ = {isa = PBXFileReference; lastKnownFileType = folder.assetcatalog; path = Assets.xcassets; sourceTree = "<group>"; };
		305A4C422BE5E03C009A2DAE /* Preview Assets.xcassets */ = {isa = PBXFileReference; lastKnownFileType = folder.assetcatalog; path = "Preview Assets.xcassets"; sourceTree = "<group>"; };
		305A4C492BE5E0A1009A2DAE /* Entry.swift */ = {isa = PBXFileReference; lastKnownFileType = sourcecode.swift; path = Entry.swift; sourceTree = "<group>"; };
		305A4C4B2BE5E0EA009A2DAE /* EntryStore.swift */ = {isa = PBXFileReference; lastKnownFileType = sourcecode.swift; path = EntryStore.swift; sourceTree = "<group>"; };
		305A4C4D2BE5E0F5009A2DAE /* SpiderChartView.swift */ = {isa = PBXFileReference; lastKnownFileType = sourcecode.swift; path = SpiderChartView.swift; sourceTree = "<group>"; };
		305A4C4F2BE5E108009A2DAE /* EntryListView.swift */ = {isa = PBXFileReference; lastKnownFileType = sourcecode.swift; path = EntryListView.swift; sourceTree = "<group>"; };
		305A4C512BE5E118009A2DAE /* EntryFormView.swift */ = {isa = PBXFileReference; lastKnownFileType = sourcecode.swift; path = EntryFormView.swift; sourceTree = "<group>"; };
/* End PBXFileReference section */

/* Begin PBXFrameworksBuildPhase section */
		305A4C352BE5E03B009A2DAE /* Frameworks */ = {
			isa = PBXFrameworksBuildPhase;
			buildActionMask = 2147483647;
			files = (
			);
			runOnlyForDeploymentPostprocessing = 0;
		};
/* End PBXFrameworksBuildPhase section */

/* Begin PBXGroup section */
		305A4C2F2BE5E03B009A2DAE = {
			isa = PBXGroup;
			children = (
				305A4C3A2BE5E03B009A2DAE /* Marble */,
				305A4C392BE5E03B009A2DAE /* Products */,
			);
			sourceTree = "<group>";
		};
		305A4C392BE5E03B009A2DAE /* Products */ = {
			isa = PBXGroup;
			children = (
				305A4C382BE5E03B009A2DAE /* Marble.app */,
			);
			name = Products;
			sourceTree = "<group>";
		};
		305A4C3A2BE5E03B009A2DAE /* Marble */ = {
			isa = PBXGroup;
			children = (
				305A4C3B2BE5E03B009A2DAE /* MarbleApp.swift */,
				305A4C3D2BE5E03B009A2DAE /* ContentView.swift */,
				305A4C3F2BE5E03C009A2DAE /* Assets.xcassets */,
				305A4C412BE5E03C009A2DAE /* Preview Content */,
				305A4C492BE5E0A1009A2DAE /* Entry.swift */,
				305A4C4B2BE5E0EA009A2DAE /* EntryStore.swift */,
				305A4C4D2BE5E0F5009A2DAE /* SpiderChartView.swift */,
				305A4C4F2BE5E108009A2DAE /* EntryListView.swift */,
				305A4C512BE5E118009A2DAE /* EntryFormView.swift */,
			);
			path = Marble;
			sourceTree = "<group>";
		};
		305A4C412BE5E03C009A2DAE /* Preview Content */ = {
			isa = PBXGroup;
			children = (
				305A4C422BE5E03C009A2DAE /* Preview Assets.xcassets */,
			);
			path = "Preview Content";
			sourceTree = "<group>";
		};
/* End PBXGroup section */

/* Begin PBXNativeTarget section */
		305A4C372BE5E03B009A2DAE /* Marble */ = {
			isa = PBXNativeTarget;
			buildConfigurationList = 305A4C462BE5E03C009A2DAE /* Build configuration list for PBXNativeTarget "Marble" */;
			buildPhases = (
				305A4C342BE5E03B009A2DAE /* Sources */,
				305A4C352BE5E03B009A2DAE /* Frameworks */,
				305A4C362BE5E03B009A2DAE /* Resources */,
			);
			buildRules = (
			);
			dependencies = (
			);
			name = Marble;
			productName = Marble;
			productReference = 305A4C382BE5E03B009A2DAE /* Marble.app */;
			productType = "com.apple.product-type.application";
		};
/* End PBXNativeTarget section */

/* Begin PBXProject section */
		305A4C302BE5E03B009A2DAE /* Project object */ = {
			isa = PBXProject;
			attributes = {
				BuildIndependentTargetsInParallel = 1;
				LastSwiftUpdateCheck = 1530;
				LastUpgradeCheck = 1530;
				TargetAttributes = {
					305A4C372BE5E03B009A2DAE = {
						CreatedOnToolsVersion = 15.3;
					};
				};
			};
			buildConfigurationList = 305A4C332BE5E03B009A2DAE /* Build configuration list for PBXProject "Marble" */;
			compatibilityVersion = "Xcode 14.0";
			developmentRegion = en;
			hasScannedForEncodings = 0;
			knownRegions = (
				en,
				Base,
			);
			mainGroup = 305A4C2F2BE5E03B009A2DAE;
			productRefGroup = 305A4C392BE5E03B009A2DAE /* Products */;
			projectDirPath = "";
			projectRoot = "";
			targets = (
				305A4C372BE5E03B009A2DAE /* Marble */,
			);
		};
/* End PBXProject section */

/* Begin PBXResourcesBuildPhase section */
		305A4C362BE5E03B009A2DAE /* Resources */ = {
			isa = PBXResourcesBuildPhase;
			buildActionMask = 2147483647;
			files = (
				305A4C432BE5E03C009A2DAE /* Preview Assets.xcassets in Resources */,
				305A4C402BE5E03C009A2DAE /* Assets.xcassets in Resources */,
			);
			runOnlyForDeploymentPostprocessing = 0;
		};
/* End PBXResourcesBuildPhase section */

/* Begin PBXSourcesBuildPhase section */
		305A4C342BE5E03B009A2DAE /* Sources */ = {
			isa = PBXSourcesBuildPhase;
			buildActionMask = 2147483647;
			files = (
				305A4C4A2BE5E0A1009A2DAE /* Entry.swift in Sources */,
				305A4C3E2BE5E03B009A2DAE /* ContentView.swift in Sources */,
				305A4C4C2BE5E0EA009A2DAE /* EntryStore.swift in Sources */,
				305A4C3C2BE5E03B009A2DAE /* MarbleApp.swift in Sources */,
				305A4C4E2BE5E0F5009A2DAE /* SpiderChartView.swift in Sources */,
				305A4C522BE5E118009A2DAE /* EntryFormView.swift in Sources */,
				305A4C502BE5E108009A2DAE /* EntryListView.swift in Sources */,
			);
			runOnlyForDeploymentPostprocessing = 0;
		};
/* End PBXSourcesBuildPhase section */

/* Begin XCBuildConfiguration section */
		305A4C442BE5E03C009A2DAE /* Debug */ = {
			isa = XCBuildConfiguration;
			buildSettings = {
				ALWAYS_SEARCH_USER_PATHS = NO;
				ASSETCATALOG_COMPILER_GENERATE_SWIFT_ASSET_SYMBOL_EXTENSIONS = YES;
				CLANG_ANALYZER_NONNULL = YES;
				CLANG_ANALYZER_NUMBER_OBJECT_CONVERSION = YES_AGGRESSIVE;
				CLANG_CXX_LANGUAGE_STANDARD = "gnu++20";
				CLANG_ENABLE_MODULES = YES;
				CLANG_ENABLE_OBJC_ARC = YES;
				CLANG_ENABLE_OBJC_WEAK = YES;
				CLANG_WARN_BLOCK_CAPTURE_AUTORELEASING = YES;
				CLANG_WARN_BOOL_CONVERSION = YES;
				CLANG_WARN_COMMA = YES;
				CLANG_WARN_CONSTANT_CONVERSION = YES;
				CLANG_WARN_DEPRECATED_OBJC_IMPLEMENTATIONS = YES;
				CLANG_WARN_DIRECT_OBJC_ISA_USAGE = YES_ERROR;
				CLANG_WARN_DOCUMENTATION_COMMENTS = YES;
				CLANG_WARN_EMPTY_BODY = YES;
				CLANG_WARN_ENUM_CONVERSION = YES;
				CLANG_WARN_INFINITE_RECURSION = YES;
				CLANG_WARN_INT_CONVERSION = YES;
				CLANG_WARN_NON_LITERAL_NULL_CONVERSION = YES;
				CLANG_WARN_OBJC_IMPLICIT_RETAIN_SELF = YES;
				CLANG_WARN_OBJC_LITERAL_CONVERSION = YES;
				CLANG_WARN_OBJC_ROOT_CLASS = YES_ERROR;
				CLANG_WARN_QUOTED_INCLUDE_IN_FRAMEWORK_HEADER = YES;
				CLANG_WARN_RANGE_LOOP_ANALYSIS = YES;
				CLANG_WARN_STRICT_PROTOTYPES = YES;
				CLANG_WARN_SUSPICIOUS_MOVE = YES;
				CLANG_WARN_UNGUARDED_AVAILABILITY = YES_AGGRESSIVE;
				CLANG_WARN_UNREACHABLE_CODE = YES;
				CLANG_WARN__DUPLICATE_METHOD_MATCH = YES;
				COPY_PHASE_STRIP = NO;
				DEBUG_INFORMATION_FORMAT = dwarf;
				ENABLE_STRICT_OBJC_MSGSEND = YES;
				ENABLE_TESTABILITY = YES;
				ENABLE_USER_SCRIPT_SANDBOXING = YES;
				GCC_C_LANGUAGE_STANDARD = gnu17;
				GCC_DYNAMIC_NO_PIC = NO;
				GCC_NO_COMMON_BLOCKS = YES;
				GCC_OPTIMIZATION_LEVEL = 0;
				GCC_PREPROCESSOR_DEFINITIONS = (
					"DEBUG=1",
					"$(inherited)",
				);
				GCC_WARN_64_TO_32_BIT_CONVERSION = YES;
				GCC_WARN_ABOUT_RETURN_TYPE = YES_ERROR;
				GCC_WARN_UNDECLARED_SELECTOR = YES;
				GCC_WARN_UNINITIALIZED_AUTOS = YES_AGGRESSIVE;
				GCC_WARN_UNUSED_FUNCTION = YES;
				GCC_WARN_UNUSED_VARIABLE = YES;
				IPHONEOS_DEPLOYMENT_TARGET = 17.4;
				LOCALIZATION_PREFERS_STRING_CATALOGS = YES;
				MTL_ENABLE_DEBUG_INFO = INCLUDE_SOURCE;
				MTL_FAST_MATH = YES;
				ONLY_ACTIVE_ARCH = YES;
				SDKROOT = iphoneos;
				SWIFT_ACTIVE_COMPILATION_CONDITIONS = "DEBUG $(inherited)";
				SWIFT_OPTIMIZATION_LEVEL = "-Onone";
			};
			name = Debug;
		};
		305A4C452BE5E03C009A2DAE /* Release */ = {
			isa = XCBuildConfiguration;
			buildSettings = {
				ALWAYS_SEARCH_USER_PATHS = NO;
				ASSETCATALOG_COMPILER_GENERATE_SWIFT_ASSET_SYMBOL_EXTENSIONS = YES;
				CLANG_ANALYZER_NONNULL = YES;
				CLANG_ANALYZER_NUMBER_OBJECT_CONVERSION = YES_AGGRESSIVE;
				CLANG_CXX_LANGUAGE_STANDARD = "gnu++20";
				CLANG_ENABLE_MODULES = YES;
				CLANG_ENABLE_OBJC_ARC = YES;
				CLANG_ENABLE_OBJC_WEAK = YES;
				CLANG_WARN_BLOCK_CAPTURE_AUTORELEASING = YES;
				CLANG_WARN_BOOL_CONVERSION = YES;
				CLANG_WARN_COMMA = YES;
				CLANG_WARN_CONSTANT_CONVERSION = YES;
				CLANG_WARN_DEPRECATED_OBJC_IMPLEMENTATIONS = YES;
				CLANG_WARN_DIRECT_OBJC_ISA_USAGE = YES_ERROR;
				CLANG_WARN_DOCUMENTATION_COMMENTS = YES;
				CLANG_WARN_EMPTY_BODY = YES;
				CLANG_WARN_ENUM_CONVERSION = YES;
				CLANG_WARN_INFINITE_RECURSION = YES;
				CLANG_WARN_INT_CONVERSION = YES;
				CLANG_WARN_NON_LITERAL_NULL_CONVERSION = YES;
				CLANG_WARN_OBJC_IMPLICIT_RETAIN_SELF = YES;
				CLANG_WARN_OBJC_LITERAL_CONVERSION = YES;
				CLANG_WARN_OBJC_ROOT_CLASS = YES_ERROR;
				CLANG_WARN_QUOTED_INCLUDE_IN_FRAMEWORK_HEADER = YES;
				CLANG_WARN_RANGE_LOOP_ANALYSIS = YES;
				CLANG_WARN_STRICT_PROTOTYPES = YES;
				CLANG_WARN_SUSPICIOUS_MOVE = YES;
				CLANG_WARN_UNGUARDED_AVAILABILITY = YES_AGGRESSIVE;
				CLANG_WARN_UNREACHABLE_CODE = YES;
				CLANG_WARN__DUPLICATE_METHOD_MATCH = YES;
				COPY_PHASE_STRIP = NO;
				DEBUG_INFORMATION_FORMAT = "dwarf-with-dsym";
				ENABLE_NS_ASSERTIONS = NO;
				ENABLE_STRICT_OBJC_MSGSEND = YES;
				ENABLE_USER_SCRIPT_SANDBOXING = YES;
				GCC_C_LANGUAGE_STANDARD = gnu17;
				GCC_NO_COMMON_BLOCKS = YES;
				GCC_WARN_64_TO_32_BIT_CONVERSION = YES;
				GCC_WARN_ABOUT_RETURN_TYPE = YES_ERROR;
				GCC_WARN_UNDECLARED_SELECTOR = YES;
				GCC_WARN_UNINITIALIZED_AUTOS = YES_AGGRESSIVE;
				GCC_WARN_UNUSED_FUNCTION = YES;
				GCC_WARN_UNUSED_VARIABLE = YES;
				IPHONEOS_DEPLOYMENT_TARGET = 17.4;
				LOCALIZATION_PREFERS_STRING_CATALOGS = YES;
				MTL_ENABLE_DEBUG_INFO = NO;
				MTL_FAST_MATH = YES;
				SDKROOT = iphoneos;
				SWIFT_COMPILATION_MODE = wholemodule;
				VALIDATE_PRODUCT = YES;
			};
			name = Release;
		};
		305A4C472BE5E03C009A2DAE /* Debug */ = {
			isa = XCBuildConfiguration;
			buildSettings = {
				ASSETCATALOG_COMPILER_APPICON_NAME = AppIcon;
				ASSETCATALOG_COMPILER_GLOBAL_ACCENT_COLOR_NAME = AccentColor;
				CODE_SIGN_STYLE = Automatic;
				CURRENT_PROJECT_VERSION = 1;
				DEVELOPMENT_ASSET_PATHS = "\"Marble/Preview Content\"";
				DEVELOPMENT_TEAM = Q5X2XU24UH;
				ENABLE_PREVIEWS = YES;
				GENERATE_INFOPLIST_FILE = YES;
				INFOPLIST_KEY_UIApplicationSceneManifest_Generation = YES;
				INFOPLIST_KEY_UIApplicationSupportsIndirectInputEvents = YES;
				INFOPLIST_KEY_UILaunchScreen_Generation = YES;
				INFOPLIST_KEY_UISupportedInterfaceOrientations_iPad = "UIInterfaceOrientationPortrait UIInterfaceOrientationPortraitUpsideDown UIInterfaceOrientationLandscapeLeft UIInterfaceOrientationLandscapeRight";
				INFOPLIST_KEY_UISupportedInterfaceOrientations_iPhone = "UIInterfaceOrientationPortrait UIInterfaceOrientationLandscapeLeft UIInterfaceOrientationLandscapeRight";
				LD_RUNPATH_SEARCH_PATHS = (
					"$(inherited)",
					"@executable_path/Frameworks",
				);
				MARKETING_VERSION = 1.0;
				PRODUCT_BUNDLE_IDENTIFIER = WillMannel.Marble;
				PRODUCT_NAME = "$(TARGET_NAME)";
				SWIFT_EMIT_LOC_STRINGS = YES;
				SWIFT_VERSION = 5.0;
				TARGETED_DEVICE_FAMILY = "1,2";
			};
			name = Debug;
		};
		305A4C482BE5E03C009A2DAE /* Release */ = {
			isa = XCBuildConfiguration;
			buildSettings = {
				ASSETCATALOG_COMPILER_APPICON_NAME = AppIcon;
				ASSETCATALOG_COMPILER_GLOBAL_ACCENT_COLOR_NAME = AccentColor;
				CODE_SIGN_STYLE = Automatic;
				CURRENT_PROJECT_VERSION = 1;
				DEVELOPMENT_ASSET_PATHS = "\"Marble/Preview Content\"";
				DEVELOPMENT_TEAM = Q5X2XU24UH;
				ENABLE_PREVIEWS = YES;
				GENERATE_INFOPLIST_FILE = YES;
				INFOPLIST_KEY_UIApplicationSceneManifest_Generation = YES;
				INFOPLIST_KEY_UIApplicationSupportsIndirectInputEvents = YES;
				INFOPLIST_KEY_UILaunchScreen_Generation = YES;
				INFOPLIST_KEY_UISupportedInterfaceOrientations_iPad = "UIInterfaceOrientationPortrait UIInterfaceOrientationPortraitUpsideDown UIInterfaceOrientationLandscapeLeft UIInterfaceOrientationLandscapeRight";
				INFOPLIST_KEY_UISupportedInterfaceOrientations_iPhone = "UIInterfaceOrientationPortrait UIInterfaceOrientationLandscapeLeft UIInterfaceOrientationLandscapeRight";
				LD_RUNPATH_SEARCH_PATHS = (
					"$(inherited)",
					"@executable_path/Frameworks",
				);
				MARKETING_VERSION = 1.0;
				PRODUCT_BUNDLE_IDENTIFIER = WillMannel.Marble;
				PRODUCT_NAME = "$(TARGET_NAME)";
				SWIFT_EMIT_LOC_STRINGS = YES;
				SWIFT_VERSION = 5.0;
				TARGETED_DEVICE_FAMILY = "1,2";
			};
			name = Release;
		};
/* End XCBuildConfiguration section */

/* Begin XCConfigurationList section */
		305A4C332BE5E03B009A2DAE /* Build configuration list for PBXProject "Marble" */ = {
			isa = XCConfigurationList;
			buildConfigurations = (
				305A4C442BE5E03C009A2DAE /* Debug */,
				305A4C452BE5E03C009A2DAE /* Release */,
			);
			defaultConfigurationIsVisible = 0;
			defaultConfigurationName = Release;
		};
		305A4C462BE5E03C009A2DAE /* Build configuration list for PBXNativeTarget "Marble" */ = {
			isa = XCConfigurationList;
			buildConfigurations = (
				305A4C472BE5E03C009A2DAE /* Debug */,
				305A4C482BE5E03C009A2DAE /* Release */,
			);
			defaultConfigurationIsVisible = 0;
			defaultConfigurationName = Release;
		};
/* End XCConfigurationList section */
	};
	rootObject = 305A4C302BE5E03B009A2DAE /* Project object */;
}
